
Microsoft Visual Studio Solution File, Format Version 12.00
# Visual Studio Version 17
VisualStudioVersion = 17.5.002.0
MinimumVisualStudioVersion = 10.0.40219.1
Project("{9A19103F-16F7-4668-BE54-9A1E7A4F7556}") = "csharp", "csharp.csproj", "{CFA22F9C-9A93-4F43-990A-819BACB40FD0}"
EndProject
Global
	GlobalSection(SolutionConfigurationPlatforms) = preSolution
		Debug|Any CPU = Debug|Any CPU
		Release|Any CPU = Release|Any CPU
	EndGlobalSection
	GlobalSection(ProjectConfigurationPlatforms) = postSolution
		{CFA22F9C-9A93-4F43-990A-819BACB40FD0}.Debug|Any CPU.ActiveCfg = Debug|Any CPU
		{CFA22F9C-9A93-4F43-990A-819BACB40FD0}.Debug|Any CPU.Build.0 = Debug|Any CPU
		{CFA22F9C-9A93-4F43-990A-819BACB40FD0}.Release|Any CPU.ActiveCfg = Release|Any CPU
		{CFA22F9C-9A93-4F43-990A-819BACB40FD0}.Release|Any CPU.Build.0 = Release|Any CPU
	EndGlobalSection
	GlobalSection(SolutionProperties) = preSolution
		HideSolutionNode = FALSE
	EndGlobalSection
	GlobalSection(ExtensibilityGlobals) = postSolution
		SolutionGuid = {9F34F335-7D8E-470C-9FFB-99B63C594224}
	EndGlobalSection
EndGlobal
